
Microsoft Visual Studio Solution File, Format Version 12.00
# Visual Studio 14
VisualStudioVersion = 14.0.25420.1
MinimumVisualStudioVersion = 10.0.40219.1
Project("{FAE04EC0-301F-11D3-BF4B-00C04F79EFBC}") = "Porag R", "Porag R\Porag R.csproj", "{0BD59848-EC45-409A-AAEA-18E6BF128113}"
EndProject
Global
	GlobalSection(SolutionConfigurationPlatforms) = preSolution
		Debug|Any CPU = Debug|Any CPU
		Release|Any CPU = Release|Any CPU
	EndGlobalSection
	GlobalSection(ProjectConfigurationPlatforms) = postSolution
		{0BD59848-EC45-409A-AAEA-18E6BF128113}.Debug|Any CPU.ActiveCfg = Debug|Any CPU
		{0BD59848-EC45-409A-AAEA-18E6BF128113}.Debug|Any CPU.Build.0 = Debug|Any CPU
		{0BD59848-EC45-409A-AAEA-18E6BF128113}.Release|Any CPU.ActiveCfg = Release|Any CPU
		{0BD59848-EC45-409A-AAEA-18E6BF128113}.Release|Any CPU.Build.0 = Release|Any CPU
	EndGlobalSection
	GlobalSection(SolutionProperties) = preSolution
		HideSolutionNode = FALSE
	EndGlobalSection
EndGlobal
